
Microsoft Visual Studio Solution File, Format Version 12.00
# Visual Studio Express 2013 for Windows Desktop
VisualStudioVersion = 12.0.30723.0
MinimumVisualStudioVersion = 10.0.40219.1
Project("{FAE04EC0-301F-11D3-BF4B-00C04F79EFBC}") = "Shapes", "Shapes\Shapes.csproj", "{B3C57A57-0917-4D58-B773-F5A3C2F3448F}"
EndProject
Project("{FAE04EC0-301F-11D3-BF4B-00C04F79EFBC}") = "BankAccounts", "BankAccounts\BankAccounts.csproj", "{6D8616EA-E058-4C8C-A02A-B289FACB66BD}"
EndProject
Project("{FAE04EC0-301F-11D3-BF4B-00C04F79EFBC}") = "RangeException", "RangeException\RangeException.csproj", "{4E16134E-879F-4A30-A115-EA8A45BA9FC4}"
EndProject
Global
	GlobalSection(SolutionConfigurationPlatforms) = preSolution
		Debug|Any CPU = Debug|Any CPU
		Release|Any CPU = Release|Any CPU
	EndGlobalSection
	GlobalSection(ProjectConfigurationPlatforms) = postSolution
		{B3C57A57-0917-4D58-B773-F5A3C2F3448F}.Debug|Any CPU.ActiveCfg = Debug|Any CPU
		{B3C57A57-0917-4D58-B773-F5A3C2F3448F}.Debug|Any CPU.Build.0 = Debug|Any CPU
		{B3C57A57-0917-4D58-B773-F5A3C2F3448F}.Release|Any CPU.ActiveCfg = Release|Any CPU
		{B3C57A57-0917-4D58-B773-F5A3C2F3448F}.Release|Any CPU.Build.0 = Release|Any CPU
		{6D8616EA-E058-4C8C-A02A-B289FACB66BD}.Debug|Any CPU.ActiveCfg = Debug|Any CPU
		{6D8616EA-E058-4C8C-A02A-B289FACB66BD}.Debug|Any CPU.Build.0 = Debug|Any CPU
		{6D8616EA-E058-4C8C-A02A-B289FACB66BD}.Release|Any CPU.ActiveCfg = Release|Any CPU
		{6D8616EA-E058-4C8C-A02A-B289FACB66BD}.Release|Any CPU.Build.0 = Release|Any CPU
		{4E16134E-879F-4A30-A115-EA8A45BA9FC4}.Debug|Any CPU.ActiveCfg = Debug|Any CPU
		{4E16134E-879F-4A30-A115-EA8A45BA9FC4}.Debug|Any CPU.Build.0 = Debug|Any CPU
		{4E16134E-879F-4A30-A115-EA8A45BA9FC4}.Release|Any CPU.ActiveCfg = Release|Any CPU
		{4E16134E-879F-4A30-A115-EA8A45BA9FC4}.Release|Any CPU.Build.0 = Release|Any CPU
	EndGlobalSection
	GlobalSection(SolutionProperties) = preSolution
		HideSolutionNode = FALSE
	EndGlobalSection
EndGlobal
