
Microsoft Visual Studio Solution File, Format Version 12.00
# Visual Studio Express 2013 for Windows Desktop
VisualStudioVersion = 12.0.30723.0
MinimumVisualStudioVersion = 10.0.40219.1
Project("{FAE04EC0-301F-11D3-BF4B-00C04F79EFBC}") = "01.Substring", "01.Substring\01.Substring.csproj", "{54BA7B8D-4567-458B-9B30-2A3574D989A1}"
EndProject
Project("{FAE04EC0-301F-11D3-BF4B-00C04F79EFBC}") = "02.IEnumerable", "02.IEnumerable\02.IEnumerable.csproj", "{BD57FFBD-B553-477F-965F-4952140D51BF}"
EndProject
Project("{FAE04EC0-301F-11D3-BF4B-00C04F79EFBC}") = "03-05.FirstBeforeLast", "03-05.FirstBeforeLast\03-05.FirstBeforeLast.csproj", "{B77C9BA4-707E-4520-9A31-30551EC3953D}"
EndProject
Project("{FAE04EC0-301F-11D3-BF4B-00C04F79EFBC}") = "06.DivideBy7And3", "06.DivideBy7And3\06.DivideBy7And3.csproj", "{7231FEFD-51CB-4722-85FB-F1095553E40B}"
EndProject
Project("{FAE04EC0-301F-11D3-BF4B-00C04F79EFBC}") = "07.Timer", "07.Timer\07.Timer.csproj", "{C58DA2BC-EDFF-4A3C-BDD6-EC1CB29E35EE}"
EndProject
Project("{FAE04EC0-301F-11D3-BF4B-00C04F79EFBC}") = "08.Events", "08.Events\08.Events.csproj", "{C8848950-B859-4456-A8DC-9A3413B95016}"
EndProject
Project("{FAE04EC0-301F-11D3-BF4B-00C04F79EFBC}") = "09-19.Students", "09-19.Students\09-19.Students.csproj", "{B6CAD1BE-411F-4727-9A63-8173F6085266}"
EndProject
Project("{FAE04EC0-301F-11D3-BF4B-00C04F79EFBC}") = "20.ConvergentSeries", "20.ConvergentSeries\20.ConvergentSeries.csproj", "{61CC1269-998F-43B9-BA37-3A1394B4A21F}"
EndProject
Global
	GlobalSection(SolutionConfigurationPlatforms) = preSolution
		Debug|Any CPU = Debug|Any CPU
		Release|Any CPU = Release|Any CPU
	EndGlobalSection
	GlobalSection(ProjectConfigurationPlatforms) = postSolution
		{54BA7B8D-4567-458B-9B30-2A3574D989A1}.Debug|Any CPU.ActiveCfg = Debug|Any CPU
		{54BA7B8D-4567-458B-9B30-2A3574D989A1}.Debug|Any CPU.Build.0 = Debug|Any CPU
		{54BA7B8D-4567-458B-9B30-2A3574D989A1}.Release|Any CPU.ActiveCfg = Release|Any CPU
		{54BA7B8D-4567-458B-9B30-2A3574D989A1}.Release|Any CPU.Build.0 = Release|Any CPU
		{BD57FFBD-B553-477F-965F-4952140D51BF}.Debug|Any CPU.ActiveCfg = Debug|Any CPU
		{BD57FFBD-B553-477F-965F-4952140D51BF}.Debug|Any CPU.Build.0 = Debug|Any CPU
		{BD57FFBD-B553-477F-965F-4952140D51BF}.Release|Any CPU.ActiveCfg = Release|Any CPU
		{BD57FFBD-B553-477F-965F-4952140D51BF}.Release|Any CPU.Build.0 = Release|Any CPU
		{B77C9BA4-707E-4520-9A31-30551EC3953D}.Debug|Any CPU.ActiveCfg = Debug|Any CPU
		{B77C9BA4-707E-4520-9A31-30551EC3953D}.Debug|Any CPU.Build.0 = Debug|Any CPU
		{B77C9BA4-707E-4520-9A31-30551EC3953D}.Release|Any CPU.ActiveCfg = Release|Any CPU
		{B77C9BA4-707E-4520-9A31-30551EC3953D}.Release|Any CPU.Build.0 = Release|Any CPU
		{7231FEFD-51CB-4722-85FB-F1095553E40B}.Debug|Any CPU.ActiveCfg = Debug|Any CPU
		{7231FEFD-51CB-4722-85FB-F1095553E40B}.Debug|Any CPU.Build.0 = Debug|Any CPU
		{7231FEFD-51CB-4722-85FB-F1095553E40B}.Release|Any CPU.ActiveCfg = Release|Any CPU
		{7231FEFD-51CB-4722-85FB-F1095553E40B}.Release|Any CPU.Build.0 = Release|Any CPU
		{C58DA2BC-EDFF-4A3C-BDD6-EC1CB29E35EE}.Debug|Any CPU.ActiveCfg = Debug|Any CPU
		{C58DA2BC-EDFF-4A3C-BDD6-EC1CB29E35EE}.Debug|Any CPU.Build.0 = Debug|Any CPU
		{C58DA2BC-EDFF-4A3C-BDD6-EC1CB29E35EE}.Release|Any CPU.ActiveCfg = Release|Any CPU
		{C58DA2BC-EDFF-4A3C-BDD6-EC1CB29E35EE}.Release|Any CPU.Build.0 = Release|Any CPU
		{C8848950-B859-4456-A8DC-9A3413B95016}.Debug|Any CPU.ActiveCfg = Debug|Any CPU
		{C8848950-B859-4456-A8DC-9A3413B95016}.Debug|Any CPU.Build.0 = Debug|Any CPU
		{C8848950-B859-4456-A8DC-9A3413B95016}.Release|Any CPU.ActiveCfg = Release|Any CPU
		{C8848950-B859-4456-A8DC-9A3413B95016}.Release|Any CPU.Build.0 = Release|Any CPU
		{B6CAD1BE-411F-4727-9A63-8173F6085266}.Debug|Any CPU.ActiveCfg = Debug|Any CPU
		{B6CAD1BE-411F-4727-9A63-8173F6085266}.Debug|Any CPU.Build.0 = Debug|Any CPU
		{B6CAD1BE-411F-4727-9A63-8173F6085266}.Release|Any CPU.ActiveCfg = Release|Any CPU
		{B6CAD1BE-411F-4727-9A63-8173F6085266}.Release|Any CPU.Build.0 = Release|Any CPU
		{61CC1269-998F-43B9-BA37-3A1394B4A21F}.Debug|Any CPU.ActiveCfg = Debug|Any CPU
		{61CC1269-998F-43B9-BA37-3A1394B4A21F}.Debug|Any CPU.Build.0 = Debug|Any CPU
		{61CC1269-998F-43B9-BA37-3A1394B4A21F}.Release|Any CPU.ActiveCfg = Release|Any CPU
		{61CC1269-998F-43B9-BA37-3A1394B4A21F}.Release|Any CPU.Build.0 = Release|Any CPU
	EndGlobalSection
	GlobalSection(SolutionProperties) = preSolution
		HideSolutionNode = FALSE
	EndGlobalSection
EndGlobal
