
Microsoft Visual Studio Solution File, Format Version 12.00
# Visual Studio Express 2013 for Windows Desktop
VisualStudioVersion = 12.0.30723.0
MinimumVisualStudioVersion = 10.0.40219.1
Project("{FAE04EC0-301F-11D3-BF4B-00C04F79EFBC}") = "StudentClass", "StudentClass\StudentClass.csproj", "{8FAE964C-2FA1-44D4-BB57-E51433023F81}"
EndProject
Project("{FAE04EC0-301F-11D3-BF4B-00C04F79EFBC}") = "PersonClass", "PersonClass\PersonClass.csproj", "{991A3D5A-DF0C-43B8-A2F7-87109B53CFEA}"
EndProject
Project("{FAE04EC0-301F-11D3-BF4B-00C04F79EFBC}") = "BitArray64", "BitArray64\BitArray64.csproj", "{777080B4-0331-44A0-B727-8A98B8CD4DA7}"
EndProject
Global
	GlobalSection(SolutionConfigurationPlatforms) = preSolution
		Debug|Any CPU = Debug|Any CPU
		Release|Any CPU = Release|Any CPU
	EndGlobalSection
	GlobalSection(ProjectConfigurationPlatforms) = postSolution
		{8FAE964C-2FA1-44D4-BB57-E51433023F81}.Debug|Any CPU.ActiveCfg = Debug|Any CPU
		{8FAE964C-2FA1-44D4-BB57-E51433023F81}.Debug|Any CPU.Build.0 = Debug|Any CPU
		{8FAE964C-2FA1-44D4-BB57-E51433023F81}.Release|Any CPU.ActiveCfg = Release|Any CPU
		{8FAE964C-2FA1-44D4-BB57-E51433023F81}.Release|Any CPU.Build.0 = Release|Any CPU
		{991A3D5A-DF0C-43B8-A2F7-87109B53CFEA}.Debug|Any CPU.ActiveCfg = Debug|Any CPU
		{991A3D5A-DF0C-43B8-A2F7-87109B53CFEA}.Debug|Any CPU.Build.0 = Debug|Any CPU
		{991A3D5A-DF0C-43B8-A2F7-87109B53CFEA}.Release|Any CPU.ActiveCfg = Release|Any CPU
		{991A3D5A-DF0C-43B8-A2F7-87109B53CFEA}.Release|Any CPU.Build.0 = Release|Any CPU
		{777080B4-0331-44A0-B727-8A98B8CD4DA7}.Debug|Any CPU.ActiveCfg = Debug|Any CPU
		{777080B4-0331-44A0-B727-8A98B8CD4DA7}.Debug|Any CPU.Build.0 = Debug|Any CPU
		{777080B4-0331-44A0-B727-8A98B8CD4DA7}.Release|Any CPU.ActiveCfg = Release|Any CPU
		{777080B4-0331-44A0-B727-8A98B8CD4DA7}.Release|Any CPU.Build.0 = Release|Any CPU
	EndGlobalSection
	GlobalSection(SolutionProperties) = preSolution
		HideSolutionNode = FALSE
	EndGlobalSection
EndGlobal
